
Microsoft Visual Studio Solution File, Format Version 12.00
# Visual Studio 2012
Project("{FAE04EC0-301F-11D3-BF4B-00C04F79EFBC}") = "WindowsPhone.Common", "WindowsPhone.Common\WindowsPhone.Common.csproj", "{4F50F6DE-20C5-4694-8A95-1E9BB1AA06C1}"
EndProject
Project("{FAE04EC0-301F-11D3-BF4B-00C04F79EFBC}") = "WindowsPhone.DI", "WindowsPhone.DI\WindowsPhone.DI.csproj", "{FDF7C488-3AD4-4D97-96E0-DE99CECB13FF}"
EndProject
Project("{FAE04EC0-301F-11D3-BF4B-00C04F79EFBC}") = "WindowsPhone.Contracts", "WindowsPhone.Contracts\WindowsPhone.Contracts.csproj", "{062A43B3-4877-4BBF-87FE-F2E0D9D63122}"
EndProject
Project("{FAE04EC0-301F-11D3-BF4B-00C04F79EFBC}") = "WindowsPhone.Serialization.JSON", "WindowsPhone.Serialization.JSON\WindowsPhone.Serialization.JSON.csproj", "{5F9D4C34-A486-4479-8FA4-442BD9C3774E}"
EndProject
Project("{FAE04EC0-301F-11D3-BF4B-00C04F79EFBC}") = "WindowsPhone.Tests", "WindowsPhone.Tests\WindowsPhone.Tests.csproj", "{EDF98440-07B3-4E20-8B33-264377EA316D}"
EndProject
Project("{FAE04EC0-301F-11D3-BF4B-00C04F79EFBC}") = "WindowsPhone.Logging", "WindowsPhone.Logging\WindowsPhone.Logging.csproj", "{3E512359-8B49-4A8E-A6C1-87F1043A22F9}"
EndProject
Project("{2150E333-8FDC-42A3-9474-1A3956D46DE8}") = "Apps", "Apps", "{EC29D5A9-4284-482D-A376-F6D40702BF6E}"
EndProject
Project("{2150E333-8FDC-42A3-9474-1A3956D46DE8}") = "RunKeeper8", "RunKeeper8", "{EE356AD6-FA84-4CEB-9772-354BBBFACEDE}"
EndProject
Project("{FAE04EC0-301F-11D3-BF4B-00C04F79EFBC}") = "RunKeeper8", "Apps\RunKeeper8\RunKeeper8\RunKeeper8.csproj", "{AA50FC1A-15E6-47FE-8F8A-B3DAD3DB2A47}"
EndProject
Project("{FAE04EC0-301F-11D3-BF4B-00C04F79EFBC}") = "RunKeeper8.Contracts", "Apps\RunKeeper8\RunKeeper8.Contracts\RunKeeper8.Contracts.csproj", "{53E1BC4B-01AA-4E59-8384-F4160D8D168D}"
EndProject
Project("{FAE04EC0-301F-11D3-BF4B-00C04F79EFBC}") = "RunKeeper8.Domain", "Apps\RunKeeper8\RunKeeper8.Domain\RunKeeper8.Domain.csproj", "{664EA8BB-905C-4380-AF77-384B05A8343A}"
EndProject
Project("{FAE04EC0-301F-11D3-BF4B-00C04F79EFBC}") = "RunKeeper8.DI", "Apps\RunKeeper8\RunKeeper8.DI\RunKeeper8.DI.csproj", "{03F650BD-A5CF-449D-8B6F-9CED0EBC9D83}"
EndProject
Project("{FAE04EC0-301F-11D3-BF4B-00C04F79EFBC}") = "RunKeeper8.Tests", "Apps\RunKeeper8\RunKeeper8\RunKeeper8.Tests\RunKeeper8.Tests.csproj", "{ECD7059D-7EBC-49D3-BEA9-C38067772E19}"
EndProject
Project("{FAE04EC0-301F-11D3-BF4B-00C04F79EFBC}") = "WindowsPhone.Data", "WindowsPhone.Data\WindowsPhone.Data.csproj", "{01CD3A1B-4CCB-420B-8B41-7D90902D62FA}"
EndProject
Project("{2150E333-8FDC-42A3-9474-1A3956D46DE8}") = "Dependancies", "Dependancies", "{B252BDEE-649D-406C-8917-C19EAF40781D}"
EndProject
Project("{2150E333-8FDC-42A3-9474-1A3956D46DE8}") = "Sqlite", "Sqlite", "{1C9579A9-FC4F-4B88-94CE-7AD59393752B}"
EndProject
Project("{8BC9CEB8-8B4A-11D0-8D11-00A0C91BC942}") = "Sqlite", "sqlite-net-wp8\Sqlite.vcxproj", "{59B35F6C-E062-4F0E-88D8-13F3F82A24F3}"
EndProject
Project("{FAE04EC0-301F-11D3-BF4B-00C04F79EFBC}") = "RunKeeper8.Data.Sqlite", "RunKeeper8.Data.Sqlite\RunKeeper8.Data.Sqlite.csproj", "{4E835166-9F39-4CDB-8999-43938CC3AD34}"
EndProject
Global
	GlobalSection(SolutionConfigurationPlatforms) = preSolution
		Debug|Any CPU = Debug|Any CPU
		Debug|ARM = Debug|ARM
		Debug|Mixed Platforms = Debug|Mixed Platforms
		Debug|Win32 = Debug|Win32
		Debug|x86 = Debug|x86
		Release|Any CPU = Release|Any CPU
		Release|ARM = Release|ARM
		Release|Mixed Platforms = Release|Mixed Platforms
		Release|Win32 = Release|Win32
		Release|x86 = Release|x86
	EndGlobalSection
	GlobalSection(ProjectConfigurationPlatforms) = postSolution
		{4F50F6DE-20C5-4694-8A95-1E9BB1AA06C1}.Debug|Any CPU.ActiveCfg = Debug|Any CPU
		{4F50F6DE-20C5-4694-8A95-1E9BB1AA06C1}.Debug|Any CPU.Build.0 = Debug|Any CPU
		{4F50F6DE-20C5-4694-8A95-1E9BB1AA06C1}.Debug|ARM.ActiveCfg = Debug|ARM
		{4F50F6DE-20C5-4694-8A95-1E9BB1AA06C1}.Debug|ARM.Build.0 = Debug|ARM
		{4F50F6DE-20C5-4694-8A95-1E9BB1AA06C1}.Debug|Mixed Platforms.ActiveCfg = Debug|x86
		{4F50F6DE-20C5-4694-8A95-1E9BB1AA06C1}.Debug|Mixed Platforms.Build.0 = Debug|x86
		{4F50F6DE-20C5-4694-8A95-1E9BB1AA06C1}.Debug|Win32.ActiveCfg = Debug|x86
		{4F50F6DE-20C5-4694-8A95-1E9BB1AA06C1}.Debug|Win32.Build.0 = Debug|x86
		{4F50F6DE-20C5-4694-8A95-1E9BB1AA06C1}.Debug|x86.ActiveCfg = Debug|x86
		{4F50F6DE-20C5-4694-8A95-1E9BB1AA06C1}.Debug|x86.Build.0 = Debug|x86
		{4F50F6DE-20C5-4694-8A95-1E9BB1AA06C1}.Release|Any CPU.ActiveCfg = Release|Any CPU
		{4F50F6DE-20C5-4694-8A95-1E9BB1AA06C1}.Release|Any CPU.Build.0 = Release|Any CPU
		{4F50F6DE-20C5-4694-8A95-1E9BB1AA06C1}.Release|ARM.ActiveCfg = Release|ARM
		{4F50F6DE-20C5-4694-8A95-1E9BB1AA06C1}.Release|ARM.Build.0 = Release|ARM
		{4F50F6DE-20C5-4694-8A95-1E9BB1AA06C1}.Release|Mixed Platforms.ActiveCfg = Release|x86
		{4F50F6DE-20C5-4694-8A95-1E9BB1AA06C1}.Release|Mixed Platforms.Build.0 = Release|x86
		{4F50F6DE-20C5-4694-8A95-1E9BB1AA06C1}.Release|Win32.ActiveCfg = Release|x86
		{4F50F6DE-20C5-4694-8A95-1E9BB1AA06C1}.Release|Win32.Build.0 = Release|x86
		{4F50F6DE-20C5-4694-8A95-1E9BB1AA06C1}.Release|x86.ActiveCfg = Release|x86
		{4F50F6DE-20C5-4694-8A95-1E9BB1AA06C1}.Release|x86.Build.0 = Release|x86
		{FDF7C488-3AD4-4D97-96E0-DE99CECB13FF}.Debug|Any CPU.ActiveCfg = Debug|Any CPU
		{FDF7C488-3AD4-4D97-96E0-DE99CECB13FF}.Debug|Any CPU.Build.0 = Debug|Any CPU
		{FDF7C488-3AD4-4D97-96E0-DE99CECB13FF}.Debug|ARM.ActiveCfg = Debug|ARM
		{FDF7C488-3AD4-4D97-96E0-DE99CECB13FF}.Debug|ARM.Build.0 = Debug|ARM
		{FDF7C488-3AD4-4D97-96E0-DE99CECB13FF}.Debug|Mixed Platforms.ActiveCfg = Debug|x86
		{FDF7C488-3AD4-4D97-96E0-DE99CECB13FF}.Debug|Mixed Platforms.Build.0 = Debug|x86
		{FDF7C488-3AD4-4D97-96E0-DE99CECB13FF}.Debug|Win32.ActiveCfg = Debug|x86
		{FDF7C488-3AD4-4D97-96E0-DE99CECB13FF}.Debug|Win32.Build.0 = Debug|x86
		{FDF7C488-3AD4-4D97-96E0-DE99CECB13FF}.Debug|x86.ActiveCfg = Debug|x86
		{FDF7C488-3AD4-4D97-96E0-DE99CECB13FF}.Debug|x86.Build.0 = Debug|x86
		{FDF7C488-3AD4-4D97-96E0-DE99CECB13FF}.Release|Any CPU.ActiveCfg = Release|Any CPU
		{FDF7C488-3AD4-4D97-96E0-DE99CECB13FF}.Release|Any CPU.Build.0 = Release|Any CPU
		{FDF7C488-3AD4-4D97-96E0-DE99CECB13FF}.Release|ARM.ActiveCfg = Release|ARM
		{FDF7C488-3AD4-4D97-96E0-DE99CECB13FF}.Release|ARM.Build.0 = Release|ARM
		{FDF7C488-3AD4-4D97-96E0-DE99CECB13FF}.Release|Mixed Platforms.ActiveCfg = Release|x86
		{FDF7C488-3AD4-4D97-96E0-DE99CECB13FF}.Release|Mixed Platforms.Build.0 = Release|x86
		{FDF7C488-3AD4-4D97-96E0-DE99CECB13FF}.Release|Win32.ActiveCfg = Release|x86
		{FDF7C488-3AD4-4D97-96E0-DE99CECB13FF}.Release|Win32.Build.0 = Release|x86
		{FDF7C488-3AD4-4D97-96E0-DE99CECB13FF}.Release|x86.ActiveCfg = Release|x86
		{FDF7C488-3AD4-4D97-96E0-DE99CECB13FF}.Release|x86.Build.0 = Release|x86
		{062A43B3-4877-4BBF-87FE-F2E0D9D63122}.Debug|Any CPU.ActiveCfg = Debug|Any CPU
		{062A43B3-4877-4BBF-87FE-F2E0D9D63122}.Debug|Any CPU.Build.0 = Debug|Any CPU
		{062A43B3-4877-4BBF-87FE-F2E0D9D63122}.Debug|ARM.ActiveCfg = Debug|ARM
		{062A43B3-4877-4BBF-87FE-F2E0D9D63122}.Debug|ARM.Build.0 = Debug|ARM
		{062A43B3-4877-4BBF-87FE-F2E0D9D63122}.Debug|Mixed Platforms.ActiveCfg = Debug|x86
		{062A43B3-4877-4BBF-87FE-F2E0D9D63122}.Debug|Mixed Platforms.Build.0 = Debug|x86
		{062A43B3-4877-4BBF-87FE-F2E0D9D63122}.Debug|Win32.ActiveCfg = Debug|x86
		{062A43B3-4877-4BBF-87FE-F2E0D9D63122}.Debug|Win32.Build.0 = Debug|x86
		{062A43B3-4877-4BBF-87FE-F2E0D9D63122}.Debug|x86.ActiveCfg = Debug|x86
		{062A43B3-4877-4BBF-87FE-F2E0D9D63122}.Debug|x86.Build.0 = Debug|x86
		{062A43B3-4877-4BBF-87FE-F2E0D9D63122}.Release|Any CPU.ActiveCfg = Release|Any CPU
		{062A43B3-4877-4BBF-87FE-F2E0D9D63122}.Release|Any CPU.Build.0 = Release|Any CPU
		{062A43B3-4877-4BBF-87FE-F2E0D9D63122}.Release|ARM.ActiveCfg = Release|ARM
		{062A43B3-4877-4BBF-87FE-F2E0D9D63122}.Release|ARM.Build.0 = Release|ARM
		{062A43B3-4877-4BBF-87FE-F2E0D9D63122}.Release|Mixed Platforms.ActiveCfg = Release|x86
		{062A43B3-4877-4BBF-87FE-F2E0D9D63122}.Release|Mixed Platforms.Build.0 = Release|x86
		{062A43B3-4877-4BBF-87FE-F2E0D9D63122}.Release|Win32.ActiveCfg = Release|x86
		{062A43B3-4877-4BBF-87FE-F2E0D9D63122}.Release|Win32.Build.0 = Release|x86
		{062A43B3-4877-4BBF-87FE-F2E0D9D63122}.Release|x86.ActiveCfg = Release|x86
		{062A43B3-4877-4BBF-87FE-F2E0D9D63122}.Release|x86.Build.0 = Release|x86
		{5F9D4C34-A486-4479-8FA4-442BD9C3774E}.Debug|Any CPU.ActiveCfg = Debug|Any CPU
		{5F9D4C34-A486-4479-8FA4-442BD9C3774E}.Debug|Any CPU.Build.0 = Debug|Any CPU
		{5F9D4C34-A486-4479-8FA4-442BD9C3774E}.Debug|ARM.ActiveCfg = Debug|ARM
		{5F9D4C34-A486-4479-8FA4-442BD9C3774E}.Debug|ARM.Build.0 = Debug|ARM
		{5F9D4C34-A486-4479-8FA4-442BD9C3774E}.Debug|Mixed Platforms.ActiveCfg = Debug|x86
		{5F9D4C34-A486-4479-8FA4-442BD9C3774E}.Debug|Mixed Platforms.Build.0 = Debug|x86
		{5F9D4C34-A486-4479-8FA4-442BD9C3774E}.Debug|Win32.ActiveCfg = Debug|x86
		{5F9D4C34-A486-4479-8FA4-442BD9C3774E}.Debug|Win32.Build.0 = Debug|x86
		{5F9D4C34-A486-4479-8FA4-442BD9C3774E}.Debug|x86.ActiveCfg = Debug|x86
		{5F9D4C34-A486-4479-8FA4-442BD9C3774E}.Debug|x86.Build.0 = Debug|x86
		{5F9D4C34-A486-4479-8FA4-442BD9C3774E}.Release|Any CPU.ActiveCfg = Release|Any CPU
		{5F9D4C34-A486-4479-8FA4-442BD9C3774E}.Release|Any CPU.Build.0 = Release|Any CPU
		{5F9D4C34-A486-4479-8FA4-442BD9C3774E}.Release|ARM.ActiveCfg = Release|ARM
		{5F9D4C34-A486-4479-8FA4-442BD9C3774E}.Release|ARM.Build.0 = Release|ARM
		{5F9D4C34-A486-4479-8FA4-442BD9C3774E}.Release|Mixed Platforms.ActiveCfg = Release|x86
		{5F9D4C34-A486-4479-8FA4-442BD9C3774E}.Release|Mixed Platforms.Build.0 = Release|x86
		{5F9D4C34-A486-4479-8FA4-442BD9C3774E}.Release|Win32.ActiveCfg = Release|x86
		{5F9D4C34-A486-4479-8FA4-442BD9C3774E}.Release|Win32.Build.0 = Release|x86
		{5F9D4C34-A486-4479-8FA4-442BD9C3774E}.Release|x86.ActiveCfg = Release|x86
		{5F9D4C34-A486-4479-8FA4-442BD9C3774E}.Release|x86.Build.0 = Release|x86
		{EDF98440-07B3-4E20-8B33-264377EA316D}.Debug|Any CPU.ActiveCfg = Debug|x86
		{EDF98440-07B3-4E20-8B33-264377EA316D}.Debug|ARM.ActiveCfg = Debug|ARM
		{EDF98440-07B3-4E20-8B33-264377EA316D}.Debug|Mixed Platforms.ActiveCfg = Debug|x86
		{EDF98440-07B3-4E20-8B33-264377EA316D}.Debug|Mixed Platforms.Build.0 = Debug|x86
		{EDF98440-07B3-4E20-8B33-264377EA316D}.Debug|Mixed Platforms.Deploy.0 = Debug|x86
		{EDF98440-07B3-4E20-8B33-264377EA316D}.Debug|Win32.ActiveCfg = Debug|x86
		{EDF98440-07B3-4E20-8B33-264377EA316D}.Debug|Win32.Build.0 = Debug|x86
		{EDF98440-07B3-4E20-8B33-264377EA316D}.Debug|Win32.Deploy.0 = Debug|x86
		{EDF98440-07B3-4E20-8B33-264377EA316D}.Debug|x86.ActiveCfg = Debug|x86
		{EDF98440-07B3-4E20-8B33-264377EA316D}.Debug|x86.Build.0 = Debug|x86
		{EDF98440-07B3-4E20-8B33-264377EA316D}.Debug|x86.Deploy.0 = Debug|x86
		{EDF98440-07B3-4E20-8B33-264377EA316D}.Release|Any CPU.ActiveCfg = Release|x86
		{EDF98440-07B3-4E20-8B33-264377EA316D}.Release|ARM.ActiveCfg = Release|ARM
		{EDF98440-07B3-4E20-8B33-264377EA316D}.Release|ARM.Build.0 = Release|ARM
		{EDF98440-07B3-4E20-8B33-264377EA316D}.Release|ARM.Deploy.0 = Release|ARM
		{EDF98440-07B3-4E20-8B33-264377EA316D}.Release|Mixed Platforms.ActiveCfg = Release|x86
		{EDF98440-07B3-4E20-8B33-264377EA316D}.Release|Mixed Platforms.Build.0 = Release|x86
		{EDF98440-07B3-4E20-8B33-264377EA316D}.Release|Mixed Platforms.Deploy.0 = Release|x86
		{EDF98440-07B3-4E20-8B33-264377EA316D}.Release|Win32.ActiveCfg = Release|x86
		{EDF98440-07B3-4E20-8B33-264377EA316D}.Release|Win32.Build.0 = Release|x86
		{EDF98440-07B3-4E20-8B33-264377EA316D}.Release|Win32.Deploy.0 = Release|x86
		{EDF98440-07B3-4E20-8B33-264377EA316D}.Release|x86.ActiveCfg = Release|x86
		{EDF98440-07B3-4E20-8B33-264377EA316D}.Release|x86.Build.0 = Release|x86
		{EDF98440-07B3-4E20-8B33-264377EA316D}.Release|x86.Deploy.0 = Release|x86
		{3E512359-8B49-4A8E-A6C1-87F1043A22F9}.Debug|Any CPU.ActiveCfg = Debug|Any CPU
		{3E512359-8B49-4A8E-A6C1-87F1043A22F9}.Debug|Any CPU.Build.0 = Debug|Any CPU
		{3E512359-8B49-4A8E-A6C1-87F1043A22F9}.Debug|ARM.ActiveCfg = Debug|ARM
		{3E512359-8B49-4A8E-A6C1-87F1043A22F9}.Debug|ARM.Build.0 = Debug|ARM
		{3E512359-8B49-4A8E-A6C1-87F1043A22F9}.Debug|Mixed Platforms.ActiveCfg = Debug|x86
		{3E512359-8B49-4A8E-A6C1-87F1043A22F9}.Debug|Mixed Platforms.Build.0 = Debug|x86
		{3E512359-8B49-4A8E-A6C1-87F1043A22F9}.Debug|Win32.ActiveCfg = Debug|x86
		{3E512359-8B49-4A8E-A6C1-87F1043A22F9}.Debug|Win32.Build.0 = Debug|x86
		{3E512359-8B49-4A8E-A6C1-87F1043A22F9}.Debug|x86.ActiveCfg = Debug|x86
		{3E512359-8B49-4A8E-A6C1-87F1043A22F9}.Debug|x86.Build.0 = Debug|x86
		{3E512359-8B49-4A8E-A6C1-87F1043A22F9}.Release|Any CPU.ActiveCfg = Release|Any CPU
		{3E512359-8B49-4A8E-A6C1-87F1043A22F9}.Release|Any CPU.Build.0 = Release|Any CPU
		{3E512359-8B49-4A8E-A6C1-87F1043A22F9}.Release|ARM.ActiveCfg = Release|ARM
		{3E512359-8B49-4A8E-A6C1-87F1043A22F9}.Release|ARM.Build.0 = Release|ARM
		{3E512359-8B49-4A8E-A6C1-87F1043A22F9}.Release|Mixed Platforms.ActiveCfg = Release|x86
		{3E512359-8B49-4A8E-A6C1-87F1043A22F9}.Release|Mixed Platforms.Build.0 = Release|x86
		{3E512359-8B49-4A8E-A6C1-87F1043A22F9}.Release|Win32.ActiveCfg = Release|x86
		{3E512359-8B49-4A8E-A6C1-87F1043A22F9}.Release|Win32.Build.0 = Release|x86
		{3E512359-8B49-4A8E-A6C1-87F1043A22F9}.Release|x86.ActiveCfg = Release|x86
		{3E512359-8B49-4A8E-A6C1-87F1043A22F9}.Release|x86.Build.0 = Release|x86
		{AA50FC1A-15E6-47FE-8F8A-B3DAD3DB2A47}.Debug|Any CPU.ActiveCfg = Debug|Any CPU
		{AA50FC1A-15E6-47FE-8F8A-B3DAD3DB2A47}.Debug|Any CPU.Build.0 = Debug|Any CPU
		{AA50FC1A-15E6-47FE-8F8A-B3DAD3DB2A47}.Debug|Any CPU.Deploy.0 = Debug|Any CPU
		{AA50FC1A-15E6-47FE-8F8A-B3DAD3DB2A47}.Debug|ARM.ActiveCfg = Debug|ARM
		{AA50FC1A-15E6-47FE-8F8A-B3DAD3DB2A47}.Debug|ARM.Build.0 = Debug|ARM
		{AA50FC1A-15E6-47FE-8F8A-B3DAD3DB2A47}.Debug|ARM.Deploy.0 = Debug|ARM
		{AA50FC1A-15E6-47FE-8F8A-B3DAD3DB2A47}.Debug|Mixed Platforms.ActiveCfg = Debug|x86
		{AA50FC1A-15E6-47FE-8F8A-B3DAD3DB2A47}.Debug|Mixed Platforms.Build.0 = Debug|x86
		{AA50FC1A-15E6-47FE-8F8A-B3DAD3DB2A47}.Debug|Mixed Platforms.Deploy.0 = Debug|x86
		{AA50FC1A-15E6-47FE-8F8A-B3DAD3DB2A47}.Debug|Win32.ActiveCfg = Debug|x86
		{AA50FC1A-15E6-47FE-8F8A-B3DAD3DB2A47}.Debug|Win32.Deploy.0 = Debug|x86
		{AA50FC1A-15E6-47FE-8F8A-B3DAD3DB2A47}.Debug|x86.ActiveCfg = Debug|x86
		{AA50FC1A-15E6-47FE-8F8A-B3DAD3DB2A47}.Debug|x86.Build.0 = Debug|x86
		{AA50FC1A-15E6-47FE-8F8A-B3DAD3DB2A47}.Debug|x86.Deploy.0 = Debug|x86
		{AA50FC1A-15E6-47FE-8F8A-B3DAD3DB2A47}.Release|Any CPU.ActiveCfg = Release|Any CPU
		{AA50FC1A-15E6-47FE-8F8A-B3DAD3DB2A47}.Release|Any CPU.Build.0 = Release|Any CPU
		{AA50FC1A-15E6-47FE-8F8A-B3DAD3DB2A47}.Release|Any CPU.Deploy.0 = Release|Any CPU
		{AA50FC1A-15E6-47FE-8F8A-B3DAD3DB2A47}.Release|ARM.ActiveCfg = Release|ARM
		{AA50FC1A-15E6-47FE-8F8A-B3DAD3DB2A47}.Release|ARM.Build.0 = Release|ARM
		{AA50FC1A-15E6-47FE-8F8A-B3DAD3DB2A47}.Release|ARM.Deploy.0 = Release|ARM
		{AA50FC1A-15E6-47FE-8F8A-B3DAD3DB2A47}.Release|Mixed Platforms.ActiveCfg = Release|x86
		{AA50FC1A-15E6-47FE-8F8A-B3DAD3DB2A47}.Release|Mixed Platforms.Build.0 = Release|x86
		{AA50FC1A-15E6-47FE-8F8A-B3DAD3DB2A47}.Release|Mixed Platforms.Deploy.0 = Release|x86
		{AA50FC1A-15E6-47FE-8F8A-B3DAD3DB2A47}.Release|Win32.ActiveCfg = Release|x86
		{AA50FC1A-15E6-47FE-8F8A-B3DAD3DB2A47}.Release|Win32.Build.0 = Release|x86
		{AA50FC1A-15E6-47FE-8F8A-B3DAD3DB2A47}.Release|Win32.Deploy.0 = Release|x86
		{AA50FC1A-15E6-47FE-8F8A-B3DAD3DB2A47}.Release|x86.ActiveCfg = Release|x86
		{AA50FC1A-15E6-47FE-8F8A-B3DAD3DB2A47}.Release|x86.Build.0 = Release|x86
		{AA50FC1A-15E6-47FE-8F8A-B3DAD3DB2A47}.Release|x86.Deploy.0 = Release|x86
		{53E1BC4B-01AA-4E59-8384-F4160D8D168D}.Debug|Any CPU.ActiveCfg = Debug|Any CPU
		{53E1BC4B-01AA-4E59-8384-F4160D8D168D}.Debug|Any CPU.Build.0 = Debug|Any CPU
		{53E1BC4B-01AA-4E59-8384-F4160D8D168D}.Debug|ARM.ActiveCfg = Debug|ARM
		{53E1BC4B-01AA-4E59-8384-F4160D8D168D}.Debug|ARM.Build.0 = Debug|ARM
		{53E1BC4B-01AA-4E59-8384-F4160D8D168D}.Debug|Mixed Platforms.ActiveCfg = Debug|x86
		{53E1BC4B-01AA-4E59-8384-F4160D8D168D}.Debug|Mixed Platforms.Build.0 = Debug|x86
		{53E1BC4B-01AA-4E59-8384-F4160D8D168D}.Debug|Win32.ActiveCfg = Debug|x86
		{53E1BC4B-01AA-4E59-8384-F4160D8D168D}.Debug|Win32.Build.0 = Debug|x86
		{53E1BC4B-01AA-4E59-8384-F4160D8D168D}.Debug|x86.ActiveCfg = Debug|x86
		{53E1BC4B-01AA-4E59-8384-F4160D8D168D}.Debug|x86.Build.0 = Debug|x86
		{53E1BC4B-01AA-4E59-8384-F4160D8D168D}.Release|Any CPU.ActiveCfg = Release|Any CPU
		{53E1BC4B-01AA-4E59-8384-F4160D8D168D}.Release|Any CPU.Build.0 = Release|Any CPU
		{53E1BC4B-01AA-4E59-8384-F4160D8D168D}.Release|ARM.ActiveCfg = Release|ARM
		{53E1BC4B-01AA-4E59-8384-F4160D8D168D}.Release|ARM.Build.0 = Release|ARM
		{53E1BC4B-01AA-4E59-8384-F4160D8D168D}.Release|Mixed Platforms.ActiveCfg = Release|x86
		{53E1BC4B-01AA-4E59-8384-F4160D8D168D}.Release|Mixed Platforms.Build.0 = Release|x86
		{53E1BC4B-01AA-4E59-8384-F4160D8D168D}.Release|Win32.ActiveCfg = Release|x86
		{53E1BC4B-01AA-4E59-8384-F4160D8D168D}.Release|Win32.Build.0 = Release|x86
		{53E1BC4B-01AA-4E59-8384-F4160D8D168D}.Release|x86.ActiveCfg = Release|x86
		{53E1BC4B-01AA-4E59-8384-F4160D8D168D}.Release|x86.Build.0 = Release|x86
		{664EA8BB-905C-4380-AF77-384B05A8343A}.Debug|Any CPU.ActiveCfg = Debug|Any CPU
		{664EA8BB-905C-4380-AF77-384B05A8343A}.Debug|Any CPU.Build.0 = Debug|Any CPU
		{664EA8BB-905C-4380-AF77-384B05A8343A}.Debug|ARM.ActiveCfg = Debug|ARM
		{664EA8BB-905C-4380-AF77-384B05A8343A}.Debug|ARM.Build.0 = Debug|ARM
		{664EA8BB-905C-4380-AF77-384B05A8343A}.Debug|Mixed Platforms.ActiveCfg = Debug|x86
		{664EA8BB-905C-4380-AF77-384B05A8343A}.Debug|Mixed Platforms.Build.0 = Debug|x86
		{664EA8BB-905C-4380-AF77-384B05A8343A}.Debug|Win32.ActiveCfg = Debug|x86
		{664EA8BB-905C-4380-AF77-384B05A8343A}.Debug|Win32.Build.0 = Debug|x86
		{664EA8BB-905C-4380-AF77-384B05A8343A}.Debug|x86.ActiveCfg = Debug|x86
		{664EA8BB-905C-4380-AF77-384B05A8343A}.Debug|x86.Build.0 = Debug|x86
		{664EA8BB-905C-4380-AF77-384B05A8343A}.Release|Any CPU.ActiveCfg = Release|Any CPU
		{664EA8BB-905C-4380-AF77-384B05A8343A}.Release|Any CPU.Build.0 = Release|Any CPU
		{664EA8BB-905C-4380-AF77-384B05A8343A}.Release|ARM.ActiveCfg = Release|ARM
		{664EA8BB-905C-4380-AF77-384B05A8343A}.Release|ARM.Build.0 = Release|ARM
		{664EA8BB-905C-4380-AF77-384B05A8343A}.Release|Mixed Platforms.ActiveCfg = Release|x86
		{664EA8BB-905C-4380-AF77-384B05A8343A}.Release|Mixed Platforms.Build.0 = Release|x86
		{664EA8BB-905C-4380-AF77-384B05A8343A}.Release|Win32.ActiveCfg = Release|x86
		{664EA8BB-905C-4380-AF77-384B05A8343A}.Release|Win32.Build.0 = Release|x86
		{664EA8BB-905C-4380-AF77-384B05A8343A}.Release|x86.ActiveCfg = Release|x86
		{664EA8BB-905C-4380-AF77-384B05A8343A}.Release|x86.Build.0 = Release|x86
		{03F650BD-A5CF-449D-8B6F-9CED0EBC9D83}.Debug|Any CPU.ActiveCfg = Debug|Any CPU
		{03F650BD-A5CF-449D-8B6F-9CED0EBC9D83}.Debug|Any CPU.Build.0 = Debug|Any CPU
		{03F650BD-A5CF-449D-8B6F-9CED0EBC9D83}.Debug|ARM.ActiveCfg = Debug|ARM
		{03F650BD-A5CF-449D-8B6F-9CED0EBC9D83}.Debug|ARM.Build.0 = Debug|ARM
		{03F650BD-A5CF-449D-8B6F-9CED0EBC9D83}.Debug|Mixed Platforms.ActiveCfg = Debug|x86
		{03F650BD-A5CF-449D-8B6F-9CED0EBC9D83}.Debug|Mixed Platforms.Build.0 = Debug|x86
		{03F650BD-A5CF-449D-8B6F-9CED0EBC9D83}.Debug|Win32.ActiveCfg = Debug|x86
		{03F650BD-A5CF-449D-8B6F-9CED0EBC9D83}.Debug|Win32.Build.0 = Debug|x86
		{03F650BD-A5CF-449D-8B6F-9CED0EBC9D83}.Debug|x86.ActiveCfg = Debug|x86
		{03F650BD-A5CF-449D-8B6F-9CED0EBC9D83}.Debug|x86.Build.0 = Debug|x86
		{03F650BD-A5CF-449D-8B6F-9CED0EBC9D83}.Release|Any CPU.ActiveCfg = Release|Any CPU
		{03F650BD-A5CF-449D-8B6F-9CED0EBC9D83}.Release|Any CPU.Build.0 = Release|Any CPU
		{03F650BD-A5CF-449D-8B6F-9CED0EBC9D83}.Release|ARM.ActiveCfg = Release|ARM
		{03F650BD-A5CF-449D-8B6F-9CED0EBC9D83}.Release|ARM.Build.0 = Release|ARM
		{03F650BD-A5CF-449D-8B6F-9CED0EBC9D83}.Release|Mixed Platforms.ActiveCfg = Release|x86
		{03F650BD-A5CF-449D-8B6F-9CED0EBC9D83}.Release|Mixed Platforms.Build.0 = Release|x86
		{03F650BD-A5CF-449D-8B6F-9CED0EBC9D83}.Release|Win32.ActiveCfg = Release|x86
		{03F650BD-A5CF-449D-8B6F-9CED0EBC9D83}.Release|Win32.Build.0 = Release|x86
		{03F650BD-A5CF-449D-8B6F-9CED0EBC9D83}.Release|x86.ActiveCfg = Release|x86
		{03F650BD-A5CF-449D-8B6F-9CED0EBC9D83}.Release|x86.Build.0 = Release|x86
		{ECD7059D-7EBC-49D3-BEA9-C38067772E19}.Debug|Any CPU.ActiveCfg = Debug|x86
		{ECD7059D-7EBC-49D3-BEA9-C38067772E19}.Debug|ARM.ActiveCfg = Debug|ARM
		{ECD7059D-7EBC-49D3-BEA9-C38067772E19}.Debug|Mixed Platforms.ActiveCfg = Debug|x86
		{ECD7059D-7EBC-49D3-BEA9-C38067772E19}.Debug|Mixed Platforms.Build.0 = Debug|x86
		{ECD7059D-7EBC-49D3-BEA9-C38067772E19}.Debug|Mixed Platforms.Deploy.0 = Debug|x86
		{ECD7059D-7EBC-49D3-BEA9-C38067772E19}.Debug|Win32.ActiveCfg = Debug|x86
		{ECD7059D-7EBC-49D3-BEA9-C38067772E19}.Debug|Win32.Build.0 = Debug|x86
		{ECD7059D-7EBC-49D3-BEA9-C38067772E19}.Debug|Win32.Deploy.0 = Debug|x86
		{ECD7059D-7EBC-49D3-BEA9-C38067772E19}.Debug|x86.ActiveCfg = Debug|x86
		{ECD7059D-7EBC-49D3-BEA9-C38067772E19}.Debug|x86.Build.0 = Debug|x86
		{ECD7059D-7EBC-49D3-BEA9-C38067772E19}.Debug|x86.Deploy.0 = Debug|x86
		{ECD7059D-7EBC-49D3-BEA9-C38067772E19}.Release|Any CPU.ActiveCfg = Release|x86
		{ECD7059D-7EBC-49D3-BEA9-C38067772E19}.Release|ARM.ActiveCfg = Release|ARM
		{ECD7059D-7EBC-49D3-BEA9-C38067772E19}.Release|ARM.Build.0 = Release|ARM
		{ECD7059D-7EBC-49D3-BEA9-C38067772E19}.Release|ARM.Deploy.0 = Release|ARM
		{ECD7059D-7EBC-49D3-BEA9-C38067772E19}.Release|Mixed Platforms.ActiveCfg = Release|x86
		{ECD7059D-7EBC-49D3-BEA9-C38067772E19}.Release|Mixed Platforms.Build.0 = Release|x86
		{ECD7059D-7EBC-49D3-BEA9-C38067772E19}.Release|Mixed Platforms.Deploy.0 = Release|x86
		{ECD7059D-7EBC-49D3-BEA9-C38067772E19}.Release|Win32.ActiveCfg = Release|x86
		{ECD7059D-7EBC-49D3-BEA9-C38067772E19}.Release|Win32.Build.0 = Release|x86
		{ECD7059D-7EBC-49D3-BEA9-C38067772E19}.Release|Win32.Deploy.0 = Release|x86
		{ECD7059D-7EBC-49D3-BEA9-C38067772E19}.Release|x86.ActiveCfg = Release|x86
		{ECD7059D-7EBC-49D3-BEA9-C38067772E19}.Release|x86.Build.0 = Release|x86
		{ECD7059D-7EBC-49D3-BEA9-C38067772E19}.Release|x86.Deploy.0 = Release|x86
		{01CD3A1B-4CCB-420B-8B41-7D90902D62FA}.Debug|Any CPU.ActiveCfg = Debug|Any CPU
		{01CD3A1B-4CCB-420B-8B41-7D90902D62FA}.Debug|Any CPU.Build.0 = Debug|Any CPU
		{01CD3A1B-4CCB-420B-8B41-7D90902D62FA}.Debug|ARM.ActiveCfg = Debug|ARM
		{01CD3A1B-4CCB-420B-8B41-7D90902D62FA}.Debug|ARM.Build.0 = Debug|ARM
		{01CD3A1B-4CCB-420B-8B41-7D90902D62FA}.Debug|Mixed Platforms.ActiveCfg = Debug|x86
		{01CD3A1B-4CCB-420B-8B41-7D90902D62FA}.Debug|Mixed Platforms.Build.0 = Debug|x86
		{01CD3A1B-4CCB-420B-8B41-7D90902D62FA}.Debug|Win32.ActiveCfg = Debug|x86
		{01CD3A1B-4CCB-420B-8B41-7D90902D62FA}.Debug|Win32.Build.0 = Debug|x86
		{01CD3A1B-4CCB-420B-8B41-7D90902D62FA}.Debug|x86.ActiveCfg = Debug|x86
		{01CD3A1B-4CCB-420B-8B41-7D90902D62FA}.Debug|x86.Build.0 = Debug|x86
		{01CD3A1B-4CCB-420B-8B41-7D90902D62FA}.Release|Any CPU.ActiveCfg = Release|Any CPU
		{01CD3A1B-4CCB-420B-8B41-7D90902D62FA}.Release|Any CPU.Build.0 = Release|Any CPU
		{01CD3A1B-4CCB-420B-8B41-7D90902D62FA}.Release|ARM.ActiveCfg = Release|ARM
		{01CD3A1B-4CCB-420B-8B41-7D90902D62FA}.Release|ARM.Build.0 = Release|ARM
		{01CD3A1B-4CCB-420B-8B41-7D90902D62FA}.Release|Mixed Platforms.ActiveCfg = Release|x86
		{01CD3A1B-4CCB-420B-8B41-7D90902D62FA}.Release|Mixed Platforms.Build.0 = Release|x86
		{01CD3A1B-4CCB-420B-8B41-7D90902D62FA}.Release|Win32.ActiveCfg = Release|x86
		{01CD3A1B-4CCB-420B-8B41-7D90902D62FA}.Release|Win32.Build.0 = Release|x86
		{01CD3A1B-4CCB-420B-8B41-7D90902D62FA}.Release|x86.ActiveCfg = Release|x86
		{01CD3A1B-4CCB-420B-8B41-7D90902D62FA}.Release|x86.Build.0 = Release|x86
		{59B35F6C-E062-4F0E-88D8-13F3F82A24F3}.Debug|Any CPU.ActiveCfg = Debug|Win32
		{59B35F6C-E062-4F0E-88D8-13F3F82A24F3}.Debug|ARM.ActiveCfg = Debug|ARM
		{59B35F6C-E062-4F0E-88D8-13F3F82A24F3}.Debug|ARM.Build.0 = Debug|ARM
		{59B35F6C-E062-4F0E-88D8-13F3F82A24F3}.Debug|Mixed Platforms.ActiveCfg = Debug|Win32
		{59B35F6C-E062-4F0E-88D8-13F3F82A24F3}.Debug|Mixed Platforms.Build.0 = Debug|Win32
		{59B35F6C-E062-4F0E-88D8-13F3F82A24F3}.Debug|Win32.ActiveCfg = Debug|Win32
		{59B35F6C-E062-4F0E-88D8-13F3F82A24F3}.Debug|Win32.Build.0 = Debug|Win32
		{59B35F6C-E062-4F0E-88D8-13F3F82A24F3}.Debug|x86.ActiveCfg = Debug|Win32
		{59B35F6C-E062-4F0E-88D8-13F3F82A24F3}.Debug|x86.Build.0 = Debug|Win32
		{59B35F6C-E062-4F0E-88D8-13F3F82A24F3}.Release|Any CPU.ActiveCfg = Release|Win32
		{59B35F6C-E062-4F0E-88D8-13F3F82A24F3}.Release|ARM.ActiveCfg = Release|ARM
		{59B35F6C-E062-4F0E-88D8-13F3F82A24F3}.Release|ARM.Build.0 = Release|ARM
		{59B35F6C-E062-4F0E-88D8-13F3F82A24F3}.Release|Mixed Platforms.ActiveCfg = Release|Win32
		{59B35F6C-E062-4F0E-88D8-13F3F82A24F3}.Release|Mixed Platforms.Build.0 = Release|Win32
		{59B35F6C-E062-4F0E-88D8-13F3F82A24F3}.Release|Win32.ActiveCfg = Release|Win32
		{59B35F6C-E062-4F0E-88D8-13F3F82A24F3}.Release|Win32.Build.0 = Release|Win32
		{59B35F6C-E062-4F0E-88D8-13F3F82A24F3}.Release|x86.ActiveCfg = Release|Win32
		{59B35F6C-E062-4F0E-88D8-13F3F82A24F3}.Release|x86.Build.0 = Release|Win32
		{4E835166-9F39-4CDB-8999-43938CC3AD34}.Debug|Any CPU.ActiveCfg = Debug|Any CPU
		{4E835166-9F39-4CDB-8999-43938CC3AD34}.Debug|Any CPU.Build.0 = Debug|Any CPU
		{4E835166-9F39-4CDB-8999-43938CC3AD34}.Debug|ARM.ActiveCfg = Debug|ARM
		{4E835166-9F39-4CDB-8999-43938CC3AD34}.Debug|ARM.Build.0 = Debug|ARM
		{4E835166-9F39-4CDB-8999-43938CC3AD34}.Debug|Mixed Platforms.ActiveCfg = Debug|x86
		{4E835166-9F39-4CDB-8999-43938CC3AD34}.Debug|Mixed Platforms.Build.0 = Debug|x86
		{4E835166-9F39-4CDB-8999-43938CC3AD34}.Debug|Win32.ActiveCfg = Debug|x86
		{4E835166-9F39-4CDB-8999-43938CC3AD34}.Debug|Win32.Build.0 = Debug|x86
		{4E835166-9F39-4CDB-8999-43938CC3AD34}.Debug|x86.ActiveCfg = Debug|x86
		{4E835166-9F39-4CDB-8999-43938CC3AD34}.Debug|x86.Build.0 = Debug|x86
		{4E835166-9F39-4CDB-8999-43938CC3AD34}.Release|Any CPU.ActiveCfg = Release|Any CPU
		{4E835166-9F39-4CDB-8999-43938CC3AD34}.Release|Any CPU.Build.0 = Release|Any CPU
		{4E835166-9F39-4CDB-8999-43938CC3AD34}.Release|ARM.ActiveCfg = Release|ARM
		{4E835166-9F39-4CDB-8999-43938CC3AD34}.Release|ARM.Build.0 = Release|ARM
		{4E835166-9F39-4CDB-8999-43938CC3AD34}.Release|Mixed Platforms.ActiveCfg = Release|x86
		{4E835166-9F39-4CDB-8999-43938CC3AD34}.Release|Mixed Platforms.Build.0 = Release|x86
		{4E835166-9F39-4CDB-8999-43938CC3AD34}.Release|Win32.ActiveCfg = Release|x86
		{4E835166-9F39-4CDB-8999-43938CC3AD34}.Release|Win32.Build.0 = Release|x86
		{4E835166-9F39-4CDB-8999-43938CC3AD34}.Release|x86.ActiveCfg = Release|x86
		{4E835166-9F39-4CDB-8999-43938CC3AD34}.Release|x86.Build.0 = Release|x86
	EndGlobalSection
	GlobalSection(SolutionProperties) = preSolution
		HideSolutionNode = FALSE
	EndGlobalSection
	GlobalSection(NestedProjects) = preSolution
		{EE356AD6-FA84-4CEB-9772-354BBBFACEDE} = {EC29D5A9-4284-482D-A376-F6D40702BF6E}
		{AA50FC1A-15E6-47FE-8F8A-B3DAD3DB2A47} = {EE356AD6-FA84-4CEB-9772-354BBBFACEDE}
		{53E1BC4B-01AA-4E59-8384-F4160D8D168D} = {EE356AD6-FA84-4CEB-9772-354BBBFACEDE}
		{664EA8BB-905C-4380-AF77-384B05A8343A} = {EE356AD6-FA84-4CEB-9772-354BBBFACEDE}
		{03F650BD-A5CF-449D-8B6F-9CED0EBC9D83} = {EE356AD6-FA84-4CEB-9772-354BBBFACEDE}
		{ECD7059D-7EBC-49D3-BEA9-C38067772E19} = {EE356AD6-FA84-4CEB-9772-354BBBFACEDE}
		{4E835166-9F39-4CDB-8999-43938CC3AD34} = {EE356AD6-FA84-4CEB-9772-354BBBFACEDE}
		{1C9579A9-FC4F-4B88-94CE-7AD59393752B} = {B252BDEE-649D-406C-8917-C19EAF40781D}
		{59B35F6C-E062-4F0E-88D8-13F3F82A24F3} = {1C9579A9-FC4F-4B88-94CE-7AD59393752B}
	EndGlobalSection
EndGlobal
