
Microsoft Visual Studio Solution File, Format Version 12.00
# Visual Studio 2012
Project("{FAE04EC0-301F-11D3-BF4B-00C04F79EFBC}") = "WindowsPhone.Common", "WindowsPhone.Common\WindowsPhone.Common.csproj", "{4F50F6DE-20C5-4694-8A95-1E9BB1AA06C1}"
EndProject
Project("{FAE04EC0-301F-11D3-BF4B-00C04F79EFBC}") = "WindowsPhone.DI", "WindowsPhone.DI\WindowsPhone.DI.csproj", "{FDF7C488-3AD4-4D97-96E0-DE99CECB13FF}"
EndProject
Project("{FAE04EC0-301F-11D3-BF4B-00C04F79EFBC}") = "WindowsPhone.Contracts", "WindowsPhone.Contracts\WindowsPhone.Contracts.csproj", "{062A43B3-4877-4BBF-87FE-F2E0D9D63122}"
EndProject
Project("{FAE04EC0-301F-11D3-BF4B-00C04F79EFBC}") = "WindowsPhone.Serialization.JSON", "WindowsPhone.Serialization.JSON\WindowsPhone.Serialization.JSON.csproj", "{5F9D4C34-A486-4479-8FA4-442BD9C3774E}"
EndProject
Project("{FAE04EC0-301F-11D3-BF4B-00C04F79EFBC}") = "WindowsPhone.Tests", "WindowsPhone.Tests\WindowsPhone.Tests.csproj", "{EDF98440-07B3-4E20-8B33-264377EA316D}"
EndProject
Project("{FAE04EC0-301F-11D3-BF4B-00C04F79EFBC}") = "WindowsPhone.Logging", "WindowsPhone.Logging\WindowsPhone.Logging.csproj", "{3E512359-8B49-4A8E-A6C1-87F1043A22F9}"
EndProject
Project("{FAE04EC0-301F-11D3-BF4B-00C04F79EFBC}") = "WindowsPhone.Storage", "WindowsPhone.Storage\WindowsPhone.Storage.csproj", "{2BC601F4-64F4-45B5-8905-13FE0BF69133}"
EndProject
Global
	GlobalSection(SolutionConfigurationPlatforms) = preSolution
		Debug|Any CPU = Debug|Any CPU
		Debug|ARM = Debug|ARM
		Debug|Mixed Platforms = Debug|Mixed Platforms
		Debug|x86 = Debug|x86
		Release|Any CPU = Release|Any CPU
		Release|ARM = Release|ARM
		Release|Mixed Platforms = Release|Mixed Platforms
		Release|x86 = Release|x86
	EndGlobalSection
	GlobalSection(ProjectConfigurationPlatforms) = postSolution
		{4F50F6DE-20C5-4694-8A95-1E9BB1AA06C1}.Debug|Any CPU.ActiveCfg = Debug|Any CPU
		{4F50F6DE-20C5-4694-8A95-1E9BB1AA06C1}.Debug|Any CPU.Build.0 = Debug|Any CPU
		{4F50F6DE-20C5-4694-8A95-1E9BB1AA06C1}.Debug|ARM.ActiveCfg = Debug|ARM
		{4F50F6DE-20C5-4694-8A95-1E9BB1AA06C1}.Debug|ARM.Build.0 = Debug|ARM
		{4F50F6DE-20C5-4694-8A95-1E9BB1AA06C1}.Debug|Mixed Platforms.ActiveCfg = Debug|x86
		{4F50F6DE-20C5-4694-8A95-1E9BB1AA06C1}.Debug|Mixed Platforms.Build.0 = Debug|x86
		{4F50F6DE-20C5-4694-8A95-1E9BB1AA06C1}.Debug|x86.ActiveCfg = Debug|x86
		{4F50F6DE-20C5-4694-8A95-1E9BB1AA06C1}.Debug|x86.Build.0 = Debug|x86
		{4F50F6DE-20C5-4694-8A95-1E9BB1AA06C1}.Release|Any CPU.ActiveCfg = Release|Any CPU
		{4F50F6DE-20C5-4694-8A95-1E9BB1AA06C1}.Release|Any CPU.Build.0 = Release|Any CPU
		{4F50F6DE-20C5-4694-8A95-1E9BB1AA06C1}.Release|ARM.ActiveCfg = Release|ARM
		{4F50F6DE-20C5-4694-8A95-1E9BB1AA06C1}.Release|ARM.Build.0 = Release|ARM
		{4F50F6DE-20C5-4694-8A95-1E9BB1AA06C1}.Release|Mixed Platforms.ActiveCfg = Release|x86
		{4F50F6DE-20C5-4694-8A95-1E9BB1AA06C1}.Release|Mixed Platforms.Build.0 = Release|x86
		{4F50F6DE-20C5-4694-8A95-1E9BB1AA06C1}.Release|x86.ActiveCfg = Release|x86
		{4F50F6DE-20C5-4694-8A95-1E9BB1AA06C1}.Release|x86.Build.0 = Release|x86
		{FDF7C488-3AD4-4D97-96E0-DE99CECB13FF}.Debug|Any CPU.ActiveCfg = Debug|Any CPU
		{FDF7C488-3AD4-4D97-96E0-DE99CECB13FF}.Debug|Any CPU.Build.0 = Debug|Any CPU
		{FDF7C488-3AD4-4D97-96E0-DE99CECB13FF}.Debug|ARM.ActiveCfg = Debug|ARM
		{FDF7C488-3AD4-4D97-96E0-DE99CECB13FF}.Debug|ARM.Build.0 = Debug|ARM
		{FDF7C488-3AD4-4D97-96E0-DE99CECB13FF}.Debug|Mixed Platforms.ActiveCfg = Debug|x86
		{FDF7C488-3AD4-4D97-96E0-DE99CECB13FF}.Debug|Mixed Platforms.Build.0 = Debug|x86
		{FDF7C488-3AD4-4D97-96E0-DE99CECB13FF}.Debug|x86.ActiveCfg = Debug|x86
		{FDF7C488-3AD4-4D97-96E0-DE99CECB13FF}.Debug|x86.Build.0 = Debug|x86
		{FDF7C488-3AD4-4D97-96E0-DE99CECB13FF}.Release|Any CPU.ActiveCfg = Release|Any CPU
		{FDF7C488-3AD4-4D97-96E0-DE99CECB13FF}.Release|Any CPU.Build.0 = Release|Any CPU
		{FDF7C488-3AD4-4D97-96E0-DE99CECB13FF}.Release|ARM.ActiveCfg = Release|ARM
		{FDF7C488-3AD4-4D97-96E0-DE99CECB13FF}.Release|ARM.Build.0 = Release|ARM
		{FDF7C488-3AD4-4D97-96E0-DE99CECB13FF}.Release|Mixed Platforms.ActiveCfg = Release|x86
		{FDF7C488-3AD4-4D97-96E0-DE99CECB13FF}.Release|Mixed Platforms.Build.0 = Release|x86
		{FDF7C488-3AD4-4D97-96E0-DE99CECB13FF}.Release|x86.ActiveCfg = Release|x86
		{FDF7C488-3AD4-4D97-96E0-DE99CECB13FF}.Release|x86.Build.0 = Release|x86
		{062A43B3-4877-4BBF-87FE-F2E0D9D63122}.Debug|Any CPU.ActiveCfg = Debug|Any CPU
		{062A43B3-4877-4BBF-87FE-F2E0D9D63122}.Debug|Any CPU.Build.0 = Debug|Any CPU
		{062A43B3-4877-4BBF-87FE-F2E0D9D63122}.Debug|ARM.ActiveCfg = Debug|ARM
		{062A43B3-4877-4BBF-87FE-F2E0D9D63122}.Debug|ARM.Build.0 = Debug|ARM
		{062A43B3-4877-4BBF-87FE-F2E0D9D63122}.Debug|Mixed Platforms.ActiveCfg = Debug|x86
		{062A43B3-4877-4BBF-87FE-F2E0D9D63122}.Debug|Mixed Platforms.Build.0 = Debug|x86
		{062A43B3-4877-4BBF-87FE-F2E0D9D63122}.Debug|x86.ActiveCfg = Debug|x86
		{062A43B3-4877-4BBF-87FE-F2E0D9D63122}.Debug|x86.Build.0 = Debug|x86
		{062A43B3-4877-4BBF-87FE-F2E0D9D63122}.Release|Any CPU.ActiveCfg = Release|Any CPU
		{062A43B3-4877-4BBF-87FE-F2E0D9D63122}.Release|Any CPU.Build.0 = Release|Any CPU
		{062A43B3-4877-4BBF-87FE-F2E0D9D63122}.Release|ARM.ActiveCfg = Release|ARM
		{062A43B3-4877-4BBF-87FE-F2E0D9D63122}.Release|ARM.Build.0 = Release|ARM
		{062A43B3-4877-4BBF-87FE-F2E0D9D63122}.Release|Mixed Platforms.ActiveCfg = Release|x86
		{062A43B3-4877-4BBF-87FE-F2E0D9D63122}.Release|Mixed Platforms.Build.0 = Release|x86
		{062A43B3-4877-4BBF-87FE-F2E0D9D63122}.Release|x86.ActiveCfg = Release|x86
		{062A43B3-4877-4BBF-87FE-F2E0D9D63122}.Release|x86.Build.0 = Release|x86
		{5F9D4C34-A486-4479-8FA4-442BD9C3774E}.Debug|Any CPU.ActiveCfg = Debug|Any CPU
		{5F9D4C34-A486-4479-8FA4-442BD9C3774E}.Debug|Any CPU.Build.0 = Debug|Any CPU
		{5F9D4C34-A486-4479-8FA4-442BD9C3774E}.Debug|ARM.ActiveCfg = Debug|ARM
		{5F9D4C34-A486-4479-8FA4-442BD9C3774E}.Debug|ARM.Build.0 = Debug|ARM
		{5F9D4C34-A486-4479-8FA4-442BD9C3774E}.Debug|Mixed Platforms.ActiveCfg = Debug|x86
		{5F9D4C34-A486-4479-8FA4-442BD9C3774E}.Debug|Mixed Platforms.Build.0 = Debug|x86
		{5F9D4C34-A486-4479-8FA4-442BD9C3774E}.Debug|x86.ActiveCfg = Debug|x86
		{5F9D4C34-A486-4479-8FA4-442BD9C3774E}.Debug|x86.Build.0 = Debug|x86
		{5F9D4C34-A486-4479-8FA4-442BD9C3774E}.Release|Any CPU.ActiveCfg = Release|Any CPU
		{5F9D4C34-A486-4479-8FA4-442BD9C3774E}.Release|Any CPU.Build.0 = Release|Any CPU
		{5F9D4C34-A486-4479-8FA4-442BD9C3774E}.Release|ARM.ActiveCfg = Release|ARM
		{5F9D4C34-A486-4479-8FA4-442BD9C3774E}.Release|ARM.Build.0 = Release|ARM
		{5F9D4C34-A486-4479-8FA4-442BD9C3774E}.Release|Mixed Platforms.ActiveCfg = Release|x86
		{5F9D4C34-A486-4479-8FA4-442BD9C3774E}.Release|Mixed Platforms.Build.0 = Release|x86
		{5F9D4C34-A486-4479-8FA4-442BD9C3774E}.Release|x86.ActiveCfg = Release|x86
		{5F9D4C34-A486-4479-8FA4-442BD9C3774E}.Release|x86.Build.0 = Release|x86
		{EDF98440-07B3-4E20-8B33-264377EA316D}.Debug|Any CPU.ActiveCfg = Debug|x86
		{EDF98440-07B3-4E20-8B33-264377EA316D}.Debug|ARM.ActiveCfg = Debug|ARM
		{EDF98440-07B3-4E20-8B33-264377EA316D}.Debug|ARM.Build.0 = Debug|ARM
		{EDF98440-07B3-4E20-8B33-264377EA316D}.Debug|ARM.Deploy.0 = Debug|ARM
		{EDF98440-07B3-4E20-8B33-264377EA316D}.Debug|Mixed Platforms.ActiveCfg = Debug|x86
		{EDF98440-07B3-4E20-8B33-264377EA316D}.Debug|Mixed Platforms.Build.0 = Debug|x86
		{EDF98440-07B3-4E20-8B33-264377EA316D}.Debug|Mixed Platforms.Deploy.0 = Debug|x86
		{EDF98440-07B3-4E20-8B33-264377EA316D}.Debug|x86.ActiveCfg = Debug|x86
		{EDF98440-07B3-4E20-8B33-264377EA316D}.Debug|x86.Build.0 = Debug|x86
		{EDF98440-07B3-4E20-8B33-264377EA316D}.Debug|x86.Deploy.0 = Debug|x86
		{EDF98440-07B3-4E20-8B33-264377EA316D}.Release|Any CPU.ActiveCfg = Release|x86
		{EDF98440-07B3-4E20-8B33-264377EA316D}.Release|ARM.ActiveCfg = Release|ARM
		{EDF98440-07B3-4E20-8B33-264377EA316D}.Release|ARM.Build.0 = Release|ARM
		{EDF98440-07B3-4E20-8B33-264377EA316D}.Release|ARM.Deploy.0 = Release|ARM
		{EDF98440-07B3-4E20-8B33-264377EA316D}.Release|Mixed Platforms.ActiveCfg = Release|x86
		{EDF98440-07B3-4E20-8B33-264377EA316D}.Release|Mixed Platforms.Build.0 = Release|x86
		{EDF98440-07B3-4E20-8B33-264377EA316D}.Release|Mixed Platforms.Deploy.0 = Release|x86
		{EDF98440-07B3-4E20-8B33-264377EA316D}.Release|x86.ActiveCfg = Release|x86
		{EDF98440-07B3-4E20-8B33-264377EA316D}.Release|x86.Build.0 = Release|x86
		{EDF98440-07B3-4E20-8B33-264377EA316D}.Release|x86.Deploy.0 = Release|x86
		{3E512359-8B49-4A8E-A6C1-87F1043A22F9}.Debug|Any CPU.ActiveCfg = Debug|Any CPU
		{3E512359-8B49-4A8E-A6C1-87F1043A22F9}.Debug|Any CPU.Build.0 = Debug|Any CPU
		{3E512359-8B49-4A8E-A6C1-87F1043A22F9}.Debug|ARM.ActiveCfg = Debug|ARM
		{3E512359-8B49-4A8E-A6C1-87F1043A22F9}.Debug|ARM.Build.0 = Debug|ARM
		{3E512359-8B49-4A8E-A6C1-87F1043A22F9}.Debug|Mixed Platforms.ActiveCfg = Debug|x86
		{3E512359-8B49-4A8E-A6C1-87F1043A22F9}.Debug|Mixed Platforms.Build.0 = Debug|x86
		{3E512359-8B49-4A8E-A6C1-87F1043A22F9}.Debug|x86.ActiveCfg = Debug|x86
		{3E512359-8B49-4A8E-A6C1-87F1043A22F9}.Debug|x86.Build.0 = Debug|x86
		{3E512359-8B49-4A8E-A6C1-87F1043A22F9}.Release|Any CPU.ActiveCfg = Release|Any CPU
		{3E512359-8B49-4A8E-A6C1-87F1043A22F9}.Release|Any CPU.Build.0 = Release|Any CPU
		{3E512359-8B49-4A8E-A6C1-87F1043A22F9}.Release|ARM.ActiveCfg = Release|ARM
		{3E512359-8B49-4A8E-A6C1-87F1043A22F9}.Release|ARM.Build.0 = Release|ARM
		{3E512359-8B49-4A8E-A6C1-87F1043A22F9}.Release|Mixed Platforms.ActiveCfg = Release|x86
		{3E512359-8B49-4A8E-A6C1-87F1043A22F9}.Release|Mixed Platforms.Build.0 = Release|x86
		{3E512359-8B49-4A8E-A6C1-87F1043A22F9}.Release|x86.ActiveCfg = Release|x86
		{3E512359-8B49-4A8E-A6C1-87F1043A22F9}.Release|x86.Build.0 = Release|x86
		{2BC601F4-64F4-45B5-8905-13FE0BF69133}.Debug|Any CPU.ActiveCfg = Debug|Any CPU
		{2BC601F4-64F4-45B5-8905-13FE0BF69133}.Debug|Any CPU.Build.0 = Debug|Any CPU
		{2BC601F4-64F4-45B5-8905-13FE0BF69133}.Debug|ARM.ActiveCfg = Debug|ARM
		{2BC601F4-64F4-45B5-8905-13FE0BF69133}.Debug|ARM.Build.0 = Debug|ARM
		{2BC601F4-64F4-45B5-8905-13FE0BF69133}.Debug|Mixed Platforms.ActiveCfg = Debug|x86
		{2BC601F4-64F4-45B5-8905-13FE0BF69133}.Debug|Mixed Platforms.Build.0 = Debug|x86
		{2BC601F4-64F4-45B5-8905-13FE0BF69133}.Debug|x86.ActiveCfg = Debug|x86
		{2BC601F4-64F4-45B5-8905-13FE0BF69133}.Debug|x86.Build.0 = Debug|x86
		{2BC601F4-64F4-45B5-8905-13FE0BF69133}.Release|Any CPU.ActiveCfg = Release|Any CPU
		{2BC601F4-64F4-45B5-8905-13FE0BF69133}.Release|Any CPU.Build.0 = Release|Any CPU
		{2BC601F4-64F4-45B5-8905-13FE0BF69133}.Release|ARM.ActiveCfg = Release|ARM
		{2BC601F4-64F4-45B5-8905-13FE0BF69133}.Release|ARM.Build.0 = Release|ARM
		{2BC601F4-64F4-45B5-8905-13FE0BF69133}.Release|Mixed Platforms.ActiveCfg = Release|x86
		{2BC601F4-64F4-45B5-8905-13FE0BF69133}.Release|Mixed Platforms.Build.0 = Release|x86
		{2BC601F4-64F4-45B5-8905-13FE0BF69133}.Release|x86.ActiveCfg = Release|x86
		{2BC601F4-64F4-45B5-8905-13FE0BF69133}.Release|x86.Build.0 = Release|x86
	EndGlobalSection
	GlobalSection(SolutionProperties) = preSolution
		HideSolutionNode = FALSE
	EndGlobalSection
EndGlobal
